{
  "originHash" : "32cb80aa35d29d104978ebda247ba2e8b1e58ddc155ddd9ea53d4a5f4b980db8",
  "pins" : [
    {
      "identity" : "plate",
      "kind" : "remoteSourceControl",
      "location" : "https://github.com/leviouwendijk/plate.git",
      "state" : {
        "branch" : "master",
        "revision" : "772bdc35dbe9c731c37c3e1a517e12ca03f26786"
      }
    }
  ],
  "version" : 3
}
